
Microsoft Visual Studio Solution File, Format Version 12.00
# Visual Studio Version 17
VisualStudioVersion = 17.5.002.0
MinimumVisualStudioVersion = 10.0.40219.1
Project("{9A19103F-16F7-4668-BE54-9A1E7A4F7556}") = "negare-kanban-api", "negare-kanban-api.csproj", "{513F405A-3B57-406D-B9F1-5B493FC40301}"
EndProject
Global
	GlobalSection(SolutionConfigurationPlatforms) = preSolution
		Debug|Any CPU = Debug|Any CPU
		Release|Any CPU = Release|Any CPU
	EndGlobalSection
	GlobalSection(ProjectConfigurationPlatforms) = postSolution
		{513F405A-3B57-406D-B9F1-5B493FC40301}.Debug|Any CPU.ActiveCfg = Debug|Any CPU
		{513F405A-3B57-406D-B9F1-5B493FC40301}.Debug|Any CPU.Build.0 = Debug|Any CPU
		{513F405A-3B57-406D-B9F1-5B493FC40301}.Release|Any CPU.ActiveCfg = Release|Any CPU
		{513F405A-3B57-406D-B9F1-5B493FC40301}.Release|Any CPU.Build.0 = Release|Any CPU
	EndGlobalSection
	GlobalSection(SolutionProperties) = preSolution
		HideSolutionNode = FALSE
	EndGlobalSection
	GlobalSection(ExtensibilityGlobals) = postSolution
		SolutionGuid = {4FC5D502-80B4-4164-9F4A-5D42F0773BA1}
	EndGlobalSection
EndGlobal
